{
  "name": "workspaces-test",
  "version": "1.0.0",
  "lockfileVersion": 3,
  "requires": true,
  "packages": {
    "": {
      "name": "workspaces-test",
      "version": "1.0.0",
      "license": "ISC",
      "workspaces": [
        "packages/*"
      ]
    },
    "node_modules/@MishaHusiuk/io": {
      "resolved": "packages/io",
      "link": true
    },
    "node_modules/@MishaHusiuk/math-operations": {
      "resolved": "packages/math-operations",
      "link": true
    },
    "packages/io": {
      "name": "@MishaHusiuk/io",
      "version": "1.0.0",
      "license": "ISC",
      "devDependencies": {}
    },
    "packages/math-operations": {
      "name": "@MishaHusiuk/math-operations",
      "version": "1.0.0",
      "license": "ISC",
      "devDependencies": {}
    }
  }
}
